
Microsoft Visual Studio Solution File, Format Version 12.00
# Visual Studio Version 16
VisualStudioVersion = 16.0.29926.136
MinimumVisualStudioVersion = 10.0.40219.1
Project("{FAE04EC0-301F-11D3-BF4B-00C04F79EFBC}") = "selenium-net-project", "selenium-net-project\selenium-net-project.csproj", "{31759F60-A48F-4C10-AD12-04F5A7775351}"
EndProject
Global
	GlobalSection(SolutionConfigurationPlatforms) = preSolution
		Debug|Any CPU = Debug|Any CPU
		Release|Any CPU = Release|Any CPU
	EndGlobalSection
	GlobalSection(ProjectConfigurationPlatforms) = postSolution
		{31759F60-A48F-4C10-AD12-04F5A7775351}.Debug|Any CPU.ActiveCfg = Debug|Any CPU
		{31759F60-A48F-4C10-AD12-04F5A7775351}.Debug|Any CPU.Build.0 = Debug|Any CPU
		{31759F60-A48F-4C10-AD12-04F5A7775351}.Release|Any CPU.ActiveCfg = Release|Any CPU
		{31759F60-A48F-4C10-AD12-04F5A7775351}.Release|Any CPU.Build.0 = Release|Any CPU
	EndGlobalSection
	GlobalSection(SolutionProperties) = preSolution
		HideSolutionNode = FALSE
	EndGlobalSection
	GlobalSection(ExtensibilityGlobals) = postSolution
		SolutionGuid = {0A50EA26-4ABD-48EA-8E5C-B49390307F0C}
	EndGlobalSection
EndGlobal
